
Microsoft Visual Studio Solution File, Format Version 12.00
# Visual Studio Version 17
VisualStudioVersion = 17.5.002.0
MinimumVisualStudioVersion = 10.0.40219.1
Project("{2150E333-8FDC-42A3-9474-1A3956D46DE8}") = "sandbox", "sandbox", "{2E1076FB-E00E-48F3-9E3A-BBC4CCBECD33}"
EndProject
Project("{9A19103F-16F7-4668-BE54-9A1E7A4F7556}") = "sandbox_project", "sandbox\sandbox_project\sandbox_project.csproj", "{2DACD24C-73B1-4F70-ADCE-7E7F06D7EF1F}"
EndProject
Project("{2150E333-8FDC-42A3-9474-1A3956D46DE8}") = "week06", "week06", "{41278473-6702-47DA-A693-AD7B676CEF6C}"
EndProject
Project("{9A19103F-16F7-4668-BE54-9A1E7A4F7556}") = "code", "week06\code\code.csproj", "{6D7045FB-345F-4617-9D93-0009939649AC}"
EndProject
Project("{2150E333-8FDC-42A3-9474-1A3956D46DE8}") = "week04", "week04", "{107D8FE4-F644-4173-8035-8B58EFFEED4C}"
EndProject
Project("{9A19103F-16F7-4668-BE54-9A1E7A4F7556}") = "code", "week04\code\code.csproj", "{6BB44D62-A4D4-483A-AFD4-3E54AC54EEF6}"
EndProject
Project("{2150E333-8FDC-42A3-9474-1A3956D46DE8}") = "week02", "week02", "{C6EE54B2-8A11-44B5-965A-28316B08AF67}"
EndProject
Project("{9A19103F-16F7-4668-BE54-9A1E7A4F7556}") = "teach", "week02\teach\teach.csproj", "{1450668A-2873-49E1-9F07-75E438E7CD9B}"
EndProject
Project("{9A19103F-16F7-4668-BE54-9A1E7A4F7556}") = "analyze", "week02\analyze\analyze.csproj", "{D1666C40-1165-4BCF-AA8E-92FBF39CD9BC}"
EndProject
Project("{9A19103F-16F7-4668-BE54-9A1E7A4F7556}") = "learn", "week02\learn\learn.csproj", "{C4058CD2-CC25-4A27-9E50-7C6B49D2DCB8}"
EndProject
Project("{9A19103F-16F7-4668-BE54-9A1E7A4F7556}") = "code", "week02\code\code.csproj", "{4BD8C5F9-0434-4FA8-8CC3-3D020594DA52}"
EndProject
Project("{2150E333-8FDC-42A3-9474-1A3956D46DE8}") = "week03", "week03", "{4A056A77-F90C-440A-990B-7A5A60D20673}"
EndProject
Project("{9A19103F-16F7-4668-BE54-9A1E7A4F7556}") = "teach", "week03\teach\teach.csproj", "{C5EE26E6-3BCB-43D1-8799-DAF96A99B3F9}"
EndProject
Project("{9A19103F-16F7-4668-BE54-9A1E7A4F7556}") = "learn", "week03\learn\learn.csproj", "{9EFBE62A-8347-4352-A1AF-D6E10020A022}"
EndProject
Project("{9A19103F-16F7-4668-BE54-9A1E7A4F7556}") = "code", "week03\code\code.csproj", "{7447F01D-658F-4BE4-8751-51217EE9D9DC}"
EndProject
Project("{2150E333-8FDC-42A3-9474-1A3956D46DE8}") = "week05", "week05", "{75BB24F3-F961-42F2-8BEA-D796ECA432B6}"
EndProject
Project("{9A19103F-16F7-4668-BE54-9A1E7A4F7556}") = "code", "week05\code\code.csproj", "{2734920C-B8FC-40A7-8560-5F7A373D8758}"
EndProject
Project("{2150E333-8FDC-42A3-9474-1A3956D46DE8}") = "week01", "week01", "{250C0E7B-3166-4E93-B059-E606A030C8EB}"
EndProject
Project("{9A19103F-16F7-4668-BE54-9A1E7A4F7556}") = "teach", "week01\teach\teach.csproj", "{46BFA921-2420-4670-9B94-EB7234BD1834}"
EndProject
Project("{9A19103F-16F7-4668-BE54-9A1E7A4F7556}") = "analyze", "week01\analyze\analyze.csproj", "{631271A6-FEA1-402D-AF1A-BCE0B1D2F096}"
EndProject
Project("{9A19103F-16F7-4668-BE54-9A1E7A4F7556}") = "code", "week01\code\code.csproj", "{0B564712-9EBE-452A-8C76-BBCA167BAA65}"
EndProject
Global
	GlobalSection(SolutionConfigurationPlatforms) = preSolution
		Debug|Any CPU = Debug|Any CPU
		Release|Any CPU = Release|Any CPU
	EndGlobalSection
	GlobalSection(ProjectConfigurationPlatforms) = postSolution
		{2DACD24C-73B1-4F70-ADCE-7E7F06D7EF1F}.Debug|Any CPU.ActiveCfg = Debug|Any CPU
		{2DACD24C-73B1-4F70-ADCE-7E7F06D7EF1F}.Debug|Any CPU.Build.0 = Debug|Any CPU
		{2DACD24C-73B1-4F70-ADCE-7E7F06D7EF1F}.Release|Any CPU.ActiveCfg = Release|Any CPU
		{2DACD24C-73B1-4F70-ADCE-7E7F06D7EF1F}.Release|Any CPU.Build.0 = Release|Any CPU
		{6D7045FB-345F-4617-9D93-0009939649AC}.Debug|Any CPU.ActiveCfg = Debug|Any CPU
		{6D7045FB-345F-4617-9D93-0009939649AC}.Debug|Any CPU.Build.0 = Debug|Any CPU
		{6D7045FB-345F-4617-9D93-0009939649AC}.Release|Any CPU.ActiveCfg = Release|Any CPU
		{6D7045FB-345F-4617-9D93-0009939649AC}.Release|Any CPU.Build.0 = Release|Any CPU
		{6BB44D62-A4D4-483A-AFD4-3E54AC54EEF6}.Debug|Any CPU.ActiveCfg = Debug|Any CPU
		{6BB44D62-A4D4-483A-AFD4-3E54AC54EEF6}.Debug|Any CPU.Build.0 = Debug|Any CPU
		{6BB44D62-A4D4-483A-AFD4-3E54AC54EEF6}.Release|Any CPU.ActiveCfg = Release|Any CPU
		{6BB44D62-A4D4-483A-AFD4-3E54AC54EEF6}.Release|Any CPU.Build.0 = Release|Any CPU
		{1450668A-2873-49E1-9F07-75E438E7CD9B}.Debug|Any CPU.ActiveCfg = Debug|Any CPU
		{1450668A-2873-49E1-9F07-75E438E7CD9B}.Debug|Any CPU.Build.0 = Debug|Any CPU
		{1450668A-2873-49E1-9F07-75E438E7CD9B}.Release|Any CPU.ActiveCfg = Release|Any CPU
		{1450668A-2873-49E1-9F07-75E438E7CD9B}.Release|Any CPU.Build.0 = Release|Any CPU
		{D1666C40-1165-4BCF-AA8E-92FBF39CD9BC}.Debug|Any CPU.ActiveCfg = Debug|Any CPU
		{D1666C40-1165-4BCF-AA8E-92FBF39CD9BC}.Debug|Any CPU.Build.0 = Debug|Any CPU
		{D1666C40-1165-4BCF-AA8E-92FBF39CD9BC}.Release|Any CPU.ActiveCfg = Release|Any CPU
		{D1666C40-1165-4BCF-AA8E-92FBF39CD9BC}.Release|Any CPU.Build.0 = Release|Any CPU
		{C4058CD2-CC25-4A27-9E50-7C6B49D2DCB8}.Debug|Any CPU.ActiveCfg = Debug|Any CPU
		{C4058CD2-CC25-4A27-9E50-7C6B49D2DCB8}.Debug|Any CPU.Build.0 = Debug|Any CPU
		{C4058CD2-CC25-4A27-9E50-7C6B49D2DCB8}.Release|Any CPU.ActiveCfg = Release|Any CPU
		{C4058CD2-CC25-4A27-9E50-7C6B49D2DCB8}.Release|Any CPU.Build.0 = Release|Any CPU
		{4BD8C5F9-0434-4FA8-8CC3-3D020594DA52}.Debug|Any CPU.ActiveCfg = Debug|Any CPU
		{4BD8C5F9-0434-4FA8-8CC3-3D020594DA52}.Debug|Any CPU.Build.0 = Debug|Any CPU
		{4BD8C5F9-0434-4FA8-8CC3-3D020594DA52}.Release|Any CPU.ActiveCfg = Release|Any CPU
		{4BD8C5F9-0434-4FA8-8CC3-3D020594DA52}.Release|Any CPU.Build.0 = Release|Any CPU
		{C5EE26E6-3BCB-43D1-8799-DAF96A99B3F9}.Debug|Any CPU.ActiveCfg = Debug|Any CPU
		{C5EE26E6-3BCB-43D1-8799-DAF96A99B3F9}.Debug|Any CPU.Build.0 = Debug|Any CPU
		{C5EE26E6-3BCB-43D1-8799-DAF96A99B3F9}.Release|Any CPU.ActiveCfg = Release|Any CPU
		{C5EE26E6-3BCB-43D1-8799-DAF96A99B3F9}.Release|Any CPU.Build.0 = Release|Any CPU
		{9EFBE62A-8347-4352-A1AF-D6E10020A022}.Debug|Any CPU.ActiveCfg = Debug|Any CPU
		{9EFBE62A-8347-4352-A1AF-D6E10020A022}.Debug|Any CPU.Build.0 = Debug|Any CPU
		{9EFBE62A-8347-4352-A1AF-D6E10020A022}.Release|Any CPU.ActiveCfg = Release|Any CPU
		{9EFBE62A-8347-4352-A1AF-D6E10020A022}.Release|Any CPU.Build.0 = Release|Any CPU
		{7447F01D-658F-4BE4-8751-51217EE9D9DC}.Debug|Any CPU.ActiveCfg = Debug|Any CPU
		{7447F01D-658F-4BE4-8751-51217EE9D9DC}.Debug|Any CPU.Build.0 = Debug|Any CPU
		{7447F01D-658F-4BE4-8751-51217EE9D9DC}.Release|Any CPU.ActiveCfg = Release|Any CPU
		{7447F01D-658F-4BE4-8751-51217EE9D9DC}.Release|Any CPU.Build.0 = Release|Any CPU
		{2734920C-B8FC-40A7-8560-5F7A373D8758}.Debug|Any CPU.ActiveCfg = Debug|Any CPU
		{2734920C-B8FC-40A7-8560-5F7A373D8758}.Debug|Any CPU.Build.0 = Debug|Any CPU
		{2734920C-B8FC-40A7-8560-5F7A373D8758}.Release|Any CPU.ActiveCfg = Release|Any CPU
		{2734920C-B8FC-40A7-8560-5F7A373D8758}.Release|Any CPU.Build.0 = Release|Any CPU
		{46BFA921-2420-4670-9B94-EB7234BD1834}.Debug|Any CPU.ActiveCfg = Debug|Any CPU
		{46BFA921-2420-4670-9B94-EB7234BD1834}.Debug|Any CPU.Build.0 = Debug|Any CPU
		{46BFA921-2420-4670-9B94-EB7234BD1834}.Release|Any CPU.ActiveCfg = Release|Any CPU
		{46BFA921-2420-4670-9B94-EB7234BD1834}.Release|Any CPU.Build.0 = Release|Any CPU
		{631271A6-FEA1-402D-AF1A-BCE0B1D2F096}.Debug|Any CPU.ActiveCfg = Debug|Any CPU
		{631271A6-FEA1-402D-AF1A-BCE0B1D2F096}.Debug|Any CPU.Build.0 = Debug|Any CPU
		{631271A6-FEA1-402D-AF1A-BCE0B1D2F096}.Release|Any CPU.ActiveCfg = Release|Any CPU
		{631271A6-FEA1-402D-AF1A-BCE0B1D2F096}.Release|Any CPU.Build.0 = Release|Any CPU
		{0B564712-9EBE-452A-8C76-BBCA167BAA65}.Debug|Any CPU.ActiveCfg = Debug|Any CPU
		{0B564712-9EBE-452A-8C76-BBCA167BAA65}.Debug|Any CPU.Build.0 = Debug|Any CPU
		{0B564712-9EBE-452A-8C76-BBCA167BAA65}.Release|Any CPU.ActiveCfg = Release|Any CPU
		{0B564712-9EBE-452A-8C76-BBCA167BAA65}.Release|Any CPU.Build.0 = Release|Any CPU
	EndGlobalSection
	GlobalSection(SolutionProperties) = preSolution
		HideSolutionNode = FALSE
	EndGlobalSection
	GlobalSection(NestedProjects) = preSolution
		{2DACD24C-73B1-4F70-ADCE-7E7F06D7EF1F} = {2E1076FB-E00E-48F3-9E3A-BBC4CCBECD33}
		{6D7045FB-345F-4617-9D93-0009939649AC} = {41278473-6702-47DA-A693-AD7B676CEF6C}
		{6BB44D62-A4D4-483A-AFD4-3E54AC54EEF6} = {107D8FE4-F644-4173-8035-8B58EFFEED4C}
		{1450668A-2873-49E1-9F07-75E438E7CD9B} = {C6EE54B2-8A11-44B5-965A-28316B08AF67}
		{D1666C40-1165-4BCF-AA8E-92FBF39CD9BC} = {C6EE54B2-8A11-44B5-965A-28316B08AF67}
		{C4058CD2-CC25-4A27-9E50-7C6B49D2DCB8} = {C6EE54B2-8A11-44B5-965A-28316B08AF67}
		{4BD8C5F9-0434-4FA8-8CC3-3D020594DA52} = {C6EE54B2-8A11-44B5-965A-28316B08AF67}
		{C5EE26E6-3BCB-43D1-8799-DAF96A99B3F9} = {4A056A77-F90C-440A-990B-7A5A60D20673}
		{9EFBE62A-8347-4352-A1AF-D6E10020A022} = {4A056A77-F90C-440A-990B-7A5A60D20673}
		{7447F01D-658F-4BE4-8751-51217EE9D9DC} = {4A056A77-F90C-440A-990B-7A5A60D20673}
		{2734920C-B8FC-40A7-8560-5F7A373D8758} = {75BB24F3-F961-42F2-8BEA-D796ECA432B6}
		{46BFA921-2420-4670-9B94-EB7234BD1834} = {250C0E7B-3166-4E93-B059-E606A030C8EB}
		{631271A6-FEA1-402D-AF1A-BCE0B1D2F096} = {250C0E7B-3166-4E93-B059-E606A030C8EB}
		{0B564712-9EBE-452A-8C76-BBCA167BAA65} = {250C0E7B-3166-4E93-B059-E606A030C8EB}
	EndGlobalSection
	GlobalSection(ExtensibilityGlobals) = postSolution
		SolutionGuid = {D0913978-C952-4C21-B98A-B45E7827CC32}
	EndGlobalSection
EndGlobal
